Microsoft Visual Studio Solution File, Format Version 11.00
# Visual Studio 2008

Project("{AD023482-9205-B903-3196-BA818F7A872B}") = "test2", "Assembly-CSharp-vs.csproj", "{D2E26667-EB7F-8872-EB82-3E05F77F3DDC}"
EndProject
Global
	GlobalSection(SolutionConfigurationPlatforms) = preSolution
		Debug|Any CPU = Debug|Any CPU
		Release|Any CPU = Release|Any CPU
	EndGlobalSection
	GlobalSection(ProjectConfigurationPlatforms) = postSolution
		{D2E26667-EB7F-8872-EB82-3E05F77F3DDC}.Debug|Any CPU.ActiveCfg = Debug|Any CPU
		{D2E26667-EB7F-8872-EB82-3E05F77F3DDC}.Debug|Any CPU.Build.0 = Debug|Any CPU
		{D2E26667-EB7F-8872-EB82-3E05F77F3DDC}.Release|Any CPU.ActiveCfg = Release|Any CPU
		{D2E26667-EB7F-8872-EB82-3E05F77F3DDC}.Release|Any CPU.Build.0 = Release|Any CPU
	EndGlobalSection
	GlobalSection(SolutionProperties) = preSolution
		HideSolutionNode = FALSE
	EndGlobalSection
																																			GlobalSection(MonoDevelopProperties) = preSolution
		StartupItem = Assembly-CSharp.csproj
		Policies = $0
		$0.TextStylePolicy = $1
		$1.inheritsSet = null
		$1.scope = text/x-csharp
		$0.CSharpFormattingPolicy = $2
		$2.inheritsSet = Mono
		$2.inheritsScope = text/x-csharp
		$2.scope = text/x-csharp
		$0.TextStylePolicy = $3
		$3.FileWidth = 120
		$3.TabWidth = 4
		$3.EolMarker = Unix
		$3.inheritsSet = Mono
		$3.inheritsScope = text/plain
		$3.scope = text/plain
	EndGlobalSection

EndGlobal
